github.com/hugomods/google-analytics v0.2.1 h1:591qgcVeqROhPhmI03YPiGXlb0jaIIqXDxy1HCNwD50=
github.com/hugomods/google-analytics v0.2.1/go.mod h1:Q89C3HmPHn2m2VT1INfnLwkpDyyYRLRIPitLA/aFIy8=
github.com/hugomods/icons v0.6.6 h1:gGlafcBDRP7sSID+tgLcWdog+s/QBj8DIfU+h9tZj1U=
github.com/hugomods/icons v0.6.6/go.mod h1:cIkSvK6W0q6N4U6n9KGz+QfRWQXAW0INd+1P31gPNGg=
github.com/hugomods/icons/vendors/bootstrap v0.5.11 h1:8gZnk0wR1JSC+07L7T1okJiGAva7V1rGnOIQYSsr4/8=
github.com/hugomods/icons/vendors/bootstrap v0.5.11/go.mod h1:PAN+bzB4MW4dkA2gZbmKRJQ6lskHzoosqZzlCTgPv0k=
github.com/hugomods/icons/vendors/font-awesome v0.6.12 h1:I8ckJFuxr8mD8bJ4NX9NrmnHd3f6XvITuD2ME8a9wXc=
github.com/hugomods/icons/vendors/font-awesome v0.6.12/go.mod h1:6YBo/5GaNpAocKwnKNWcd9xkliiRJXmwz2mstY5lr9I=
github.com/hugomods/icons/vendors/lucide v0.3.40 h1:lNaY9NqFgBmSCUzJkw7xlcGUUWwlDy70gDGyKXgsHV8=
github.com/hugomods/icons/vendors/lucide v0.3.40/go.mod h1:tgIPafbcACqfXEU1fc/TEx+hdKr7m7iDHZEgAKRkDJM=
